// !$*UTF8*$!
{
	archiveVersion = 1;
	classes = {
	};
	objectVersion = 50;
	objects = {

/* Begin PBXBuildFile section */
		4B2FC9542374495F0012EBDB /* AppDelegate.swift in Sources */ = {isa = PBXBuildFile; fileRef = 4B2FC9532374495F0012EBDB /* AppDelegate.swift */; };
		4B2FC9562374495F0012EBDB /* SceneDelegate.swift in Sources */ = {isa = PBXBuildFile; fileRef = 4B2FC9552374495F0012EBDB /* SceneDelegate.swift */; };
		4B2FC95B2374495F0012EBDB /* Main.storyboard in Resources */ = {isa = PBXBuildFile; fileRef = 4B2FC9592374495F0012EBDB /* Main.storyboard */; };
		4B2FC95E2374495F0012EBDB /* LoveStory.xcdatamodeld in Sources */ = {isa = PBXBuildFile; fileRef = 4B2FC95C2374495F0012EBDB /* LoveStory.xcdatamodeld */; };
		4B2FC960237449600012EBDB /* Assets.xcassets in Resources */ = {isa = PBXBuildFile; fileRef = 4B2FC95F237449600012EBDB /* Assets.xcassets */; };
		4B2FC963237449600012EBDB /* LaunchScreen.storyboard in Resources */ = {isa = PBXBuildFile; fileRef = 4B2FC961237449600012EBDB /* LaunchScreen.storyboard */; };
		4B2FC96B237449FB0012EBDB /* LoveStoryHomePageTableViewController.swift in Sources */ = {isa = PBXBuildFile; fileRef = 4B2FC96A237449FB0012EBDB /* LoveStoryHomePageTableViewController.swift */; };
		4B2FC96D23744A850012EBDB /* HomePageTableViewCell.swift in Sources */ = {isa = PBXBuildFile; fileRef = 4B2FC96C23744A850012EBDB /* HomePageTableViewCell.swift */; };
		4B2FC96F237451B60012EBDB /* Story.swift in Sources */ = {isa = PBXBuildFile; fileRef = 4B2FC96E237451B60012EBDB /* Story.swift */; };
		4B2FC9712374584E0012EBDB /* StoryData.swift in Sources */ = {isa = PBXBuildFile; fileRef = 4B2FC9702374584E0012EBDB /* StoryData.swift */; };
		4B2FC973237461710012EBDB /* StoryViewController.swift in Sources */ = {isa = PBXBuildFile; fileRef = 4B2FC972237461710012EBDB /* StoryViewController.swift */; };
		4B2FC98523770AE60012EBDB /* main-bg.gif in Resources */ = {isa = PBXBuildFile; fileRef = 4B2FC98423770AE60012EBDB /* main-bg.gif */; };
		4B68723323893E480010455C /* MenuViewController.swift in Sources */ = {isa = PBXBuildFile; fileRef = 4B68723223893E480010455C /* MenuViewController.swift */; };
		4B6872392393C7930010455C /* 1000顆星的約定.txt in Resources */ = {isa = PBXBuildFile; fileRef = 4B6872382393C7930010455C /* 1000顆星的約定.txt */; };
		4B6872442393D50C0010455C /* 可以嫁給你嗎.txt in Resources */ = {isa = PBXBuildFile; fileRef = 4B68723A2393D50B0010455C /* 可以嫁給你嗎.txt */; };
		4B6872452393D50C0010455C /* 錯過一時，錯過一生.txt in Resources */ = {isa = PBXBuildFile; fileRef = 4B68723B2393D50B0010455C /* 錯過一時，錯過一生.txt */; };
		4B6872462393D50C0010455C /* 一只可愛的毛毛熊.txt in Resources */ = {isa = PBXBuildFile; fileRef = 4B68723C2393D50B0010455C /* 一只可愛的毛毛熊.txt */; };
		4B6872472393D50C0010455C /* 愛是不保留.txt in Resources */ = {isa = PBXBuildFile; fileRef = 4B68723D2393D50B0010455C /* 愛是不保留.txt */; };
		4B6872482393D50C0010455C /* 遲來的愛.txt in Resources */ = {isa = PBXBuildFile; fileRef = 4B68723E2393D50B0010455C /* 遲來的愛.txt */; };
		4B6872492393D50C0010455C /* 男孩的偉大.txt in Resources */ = {isa = PBXBuildFile; fileRef = 4B68723F2393D50B0010455C /* 男孩的偉大.txt */; };
		4B68724A2393D50C0010455C /* 開不了口的感情.txt in Resources */ = {isa = PBXBuildFile; fileRef = 4B6872402393D50B0010455C /* 開不了口的感情.txt */; };
		4B68724B2393D50C0010455C /* 可不可以愛我一分鐘就好.txt in Resources */ = {isa = PBXBuildFile; fileRef = 4B6872412393D50B0010455C /* 可不可以愛我一分鐘就好.txt */; };
		4B68724C2393D50C0010455C /* 如果有人這樣愛我.txt in Resources */ = {isa = PBXBuildFile; fileRef = 4B6872422393D50B0010455C /* 如果有人這樣愛我.txt */; };
		4B68724D2393D50C0010455C /* 我的前女友居然和一個男生來到遊樂場.txt in Resources */ = {isa = PBXBuildFile; fileRef = 4B6872432393D50C0010455C /* 我的前女友居然和一個男生來到遊樂場.txt */; };
		4B68724F2393D8920010455C /* AboutViewController.swift in Sources */ = {isa = PBXBuildFile; fileRef = 4B68724E2393D8920010455C /* AboutViewController.swift */; };
/* End PBXBuildFile section */

/* Begin PBXFileReference section */
		4B2FC9502374495F0012EBDB /* LoveStory.app */ = {isa = PBXFileReference; explicitFileType = wrapper.application; includeInIndex = 0; path = LoveStory.app; sourceTree = BUILT_PRODUCTS_DIR; };
		4B2FC9532374495F0012EBDB /* AppDelegate.swift */ = {isa = PBXFileReference; lastKnownFileType = sourcecode.swift; path = AppDelegate.swift; sourceTree = "<group>"; };
		4B2FC9552374495F0012EBDB /* SceneDelegate.swift */ = {isa = PBXFileReference; lastKnownFileType = sourcecode.swift; path = SceneDelegate.swift; sourceTree = "<group>"; };
		4B2FC95A2374495F0012EBDB /* Base */ = {isa = PBXFileReference; lastKnownFileType = file.storyboard; name = Base; path = Base.lproj/Main.storyboard; sourceTree = "<group>"; };
		4B2FC95D2374495F0012EBDB /* LoveStory.xcdatamodel */ = {isa = PBXFileReference; lastKnownFileType = wrapper.xcdatamodel; path = LoveStory.xcdatamodel; sourceTree = "<group>"; };
		4B2FC95F237449600012EBDB /* Assets.xcassets */ = {isa = PBXFileReference; lastKnownFileType = folder.assetcatalog; path = Assets.xcassets; sourceTree = "<group>"; };
		4B2FC962237449600012EBDB /* Base */ = {isa = PBXFileReference; lastKnownFileType = file.storyboard; name = Base; path = Base.lproj/LaunchScreen.storyboard; sourceTree = "<group>"; };
		4B2FC964237449600012EBDB /* Info.plist */ = {isa = PBXFileReference; lastKnownFileType = text.plist.xml; path = Info.plist; sourceTree = "<group>"; };
		4B2FC96A237449FB0012EBDB /* LoveStoryHomePageTableViewController.swift */ = {isa = PBXFileReference; lastKnownFileType = sourcecode.swift; path = LoveStoryHomePageTableViewController.swift; sourceTree = "<group>"; };
		4B2FC96C23744A850012EBDB /* HomePageTableViewCell.swift */ = {isa = PBXFileReference; lastKnownFileType = sourcecode.swift; path = HomePageTableViewCell.swift; sourceTree = "<group>"; };
		4B2FC96E237451B60012EBDB /* Story.swift */ = {isa = PBXFileReference; lastKnownFileType = sourcecode.swift; path = Story.swift; sourceTree = "<group>"; };
		4B2FC9702374584E0012EBDB /* StoryData.swift */ = {isa = PBXFileReference; lastKnownFileType = sourcecode.swift; path = StoryData.swift; sourceTree = "<group>"; };
		4B2FC972237461710012EBDB /* StoryViewController.swift */ = {isa = PBXFileReference; lastKnownFileType = sourcecode.swift; path = StoryViewController.swift; sourceTree = "<group>"; };
		4B2FC98423770AE60012EBDB /* main-bg.gif */ = {isa = PBXFileReference; lastKnownFileType = image.gif; path = "main-bg.gif"; sourceTree = "<group>"; };
		4B68723223893E480010455C /* MenuViewController.swift */ = {isa = PBXFileReference; lastKnownFileType = sourcecode.swift; path = MenuViewController.swift; sourceTree = "<group>"; };
		4B6872382393C7930010455C /* 1000顆星的約定.txt */ = {isa = PBXFileReference; fileEncoding = 4; lastKnownFileType = text; path = "1000顆星的約定.txt"; sourceTree = "<group>"; };
		4B68723A2393D50B0010455C /* 可以嫁給你嗎.txt */ = {isa = PBXFileReference; fileEncoding = 4; lastKnownFileType = text; path = "可以嫁給你嗎.txt"; sourceTree = "<group>"; };
		4B68723B2393D50B0010455C /* 錯過一時，錯過一生.txt */ = {isa = PBXFileReference; fileEncoding = 4; lastKnownFileType = text; path = "錯過一時，錯過一生.txt"; sourceTree = "<group>"; };
		4B68723C2393D50B0010455C /* 一只可愛的毛毛熊.txt */ = {isa = PBXFileReference; fileEncoding = 4; lastKnownFileType = text; path = "一只可愛的毛毛熊.txt"; sourceTree = "<group>"; };
		4B68723D2393D50B0010455C /* 愛是不保留.txt */ = {isa = PBXFileReference; fileEncoding = 4; lastKnownFileType = text; path = "愛是不保留.txt"; sourceTree = "<group>"; };
		4B68723E2393D50B0010455C /* 遲來的愛.txt */ = {isa = PBXFileReference; fileEncoding = 4; lastKnownFileType = text; path = "遲來的愛.txt"; sourceTree = "<group>"; };
		4B68723F2393D50B0010455C /* 男孩的偉大.txt */ = {isa = PBXFileReference; fileEncoding = 4; lastKnownFileType = text; path = "男孩的偉大.txt"; sourceTree = "<group>"; };
		4B6872402393D50B0010455C /* 開不了口的感情.txt */ = {isa = PBXFileReference; fileEncoding = 4; lastKnownFileType = text; path = "開不了口的感情.txt"; sourceTree = "<group>"; };
		4B6872412393D50B0010455C /* 可不可以愛我一分鐘就好.txt */ = {isa = PBXFileReference; fileEncoding = 4; lastKnownFileType = text; path = "可不可以愛我一分鐘就好.txt"; sourceTree = "<group>"; };
		4B6872422393D50B0010455C /* 如果有人這樣愛我.txt */ = {isa = PBXFileReference; fileEncoding = 4; lastKnownFileType = text; path = "如果有人這樣愛我.txt"; sourceTree = "<group>"; };
		4B6872432393D50C0010455C /* 我的前女友居然和一個男生來到遊樂場.txt */ = {isa = PBXFileReference; fileEncoding = 4; lastKnownFileType = text; path = "我的前女友居然和一個男生來到遊樂場.txt"; sourceTree = "<group>"; };
		4B68724E2393D8920010455C /* AboutViewController.swift */ = {isa = PBXFileReference; lastKnownFileType = sourcecode.swift; path = AboutViewController.swift; sourceTree = "<group>"; };
/* End PBXFileReference section */

/* Begin PBXFrameworksBuildPhase section */
		4B2FC94D2374495F0012EBDB /* Frameworks */ = {
			isa = PBXFrameworksBuildPhase;
			buildActionMask = 2147483647;
			files = (
			);
			runOnlyForDeploymentPostprocessing = 0;
		};
/* End PBXFrameworksBuildPhase section */

/* Begin PBXGroup section */
		4B2FC9472374495F0012EBDB = {
			isa = PBXGroup;
			children = (
				4B2FC9522374495F0012EBDB /* LoveStory */,
				4B2FC9512374495F0012EBDB /* Products */,
			);
			sourceTree = "<group>";
		};
		4B2FC9512374495F0012EBDB /* Products */ = {
			isa = PBXGroup;
			children = (
				4B2FC9502374495F0012EBDB /* LoveStory.app */,
			);
			name = Products;
			sourceTree = "<group>";
		};
		4B2FC9522374495F0012EBDB /* LoveStory */ = {
			isa = PBXGroup;
			children = (
				4B2FC977237461B10012EBDB /* Stories */,
				4B2FC976237461910012EBDB /* Model */,
				4B2FC9752374618E0012EBDB /* View */,
				4B2FC9742374617F0012EBDB /* Controller */,
				4B2FC9532374495F0012EBDB /* AppDelegate.swift */,
				4B2FC9552374495F0012EBDB /* SceneDelegate.swift */,
				4B2FC95F237449600012EBDB /* Assets.xcassets */,
				4B2FC961237449600012EBDB /* LaunchScreen.storyboard */,
				4B2FC964237449600012EBDB /* Info.plist */,
				4B2FC95C2374495F0012EBDB /* LoveStory.xcdatamodeld */,
			);
			path = LoveStory;
			sourceTree = "<group>";
		};
		4B2FC9742374617F0012EBDB /* Controller */ = {
			isa = PBXGroup;
			children = (
				4B68723223893E480010455C /* MenuViewController.swift */,
				4B2FC96A237449FB0012EBDB /* LoveStoryHomePageTableViewController.swift */,
				4B2FC972237461710012EBDB /* StoryViewController.swift */,
				4B68724E2393D8920010455C /* AboutViewController.swift */,
			);
			path = Controller;
			sourceTree = "<group>";
		};
		4B2FC9752374618E0012EBDB /* View */ = {
			isa = PBXGroup;
			children = (
				4B2FC9592374495F0012EBDB /* Main.storyboard */,
				4B2FC96C23744A850012EBDB /* HomePageTableViewCell.swift */,
			);
			path = View;
			sourceTree = "<group>";
		};
		4B2FC976237461910012EBDB /* Model */ = {
			isa = PBXGroup;
			children = (
				4B2FC96E237451B60012EBDB /* Story.swift */,
				4B2FC9702374584E0012EBDB /* StoryData.swift */,
			);
			path = Model;
			sourceTree = "<group>";
		};
		4B2FC977237461B10012EBDB /* Stories */ = {
			isa = PBXGroup;
			children = (
				4B2FC98423770AE60012EBDB /* main-bg.gif */,
				4B6872382393C7930010455C /* 1000顆星的約定.txt */,
				4B68723C2393D50B0010455C /* 一只可愛的毛毛熊.txt */,
				4B6872432393D50C0010455C /* 我的前女友居然和一個男生來到遊樂場.txt */,
				4B6872412393D50B0010455C /* 可不可以愛我一分鐘就好.txt */,
				4B68723A2393D50B0010455C /* 可以嫁給你嗎.txt */,
				4B6872422393D50B0010455C /* 如果有人這樣愛我.txt */,
				4B68723D2393D50B0010455C /* 愛是不保留.txt */,
				4B68723F2393D50B0010455C /* 男孩的偉大.txt */,
				4B68723E2393D50B0010455C /* 遲來的愛.txt */,
				4B68723B2393D50B0010455C /* 錯過一時，錯過一生.txt */,
				4B6872402393D50B0010455C /* 開不了口的感情.txt */,
			);
			path = Stories;
			sourceTree = "<group>";
		};
/* End PBXGroup section */

/* Begin PBXNativeTarget section */
		4B2FC94F2374495F0012EBDB /* LoveStory */ = {
			isa = PBXNativeTarget;
			buildConfigurationList = 4B2FC967237449600012EBDB /* Build configuration list for PBXNativeTarget "LoveStory" */;
			buildPhases = (
				4B2FC94C2374495F0012EBDB /* Sources */,
				4B2FC94D2374495F0012EBDB /* Frameworks */,
				4B2FC94E2374495F0012EBDB /* Resources */,
			);
			buildRules = (
			);
			dependencies = (
			);
			name = LoveStory;
			productName = LoveStory;
			productReference = 4B2FC9502374495F0012EBDB /* LoveStory.app */;
			productType = "com.apple.product-type.application";
		};
/* End PBXNativeTarget section */

/* Begin PBXProject section */
		4B2FC9482374495F0012EBDB /* Project object */ = {
			isa = PBXProject;
			attributes = {
				LastSwiftUpdateCheck = 1110;
				LastUpgradeCheck = 1110;
				ORGANIZATIONNAME = KanixLau;
				TargetAttributes = {
					4B2FC94F2374495F0012EBDB = {
						CreatedOnToolsVersion = 11.1;
					};
				};
			};
			buildConfigurationList = 4B2FC94B2374495F0012EBDB /* Build configuration list for PBXProject "LoveStory" */;
			compatibilityVersion = "Xcode 9.3";
			developmentRegion = en;
			hasScannedForEncodings = 0;
			knownRegions = (
				en,
				Base,
			);
			mainGroup = 4B2FC9472374495F0012EBDB;
			productRefGroup = 4B2FC9512374495F0012EBDB /* Products */;
			projectDirPath = "";
			projectRoot = "";
			targets = (
				4B2FC94F2374495F0012EBDB /* LoveStory */,
			);
		};
/* End PBXProject section */

/* Begin PBXResourcesBuildPhase section */
		4B2FC94E2374495F0012EBDB /* Resources */ = {
			isa = PBXResourcesBuildPhase;
			buildActionMask = 2147483647;
			files = (
				4B2FC963237449600012EBDB /* LaunchScreen.storyboard in Resources */,
				4B6872452393D50C0010455C /* 錯過一時，錯過一生.txt in Resources */,
				4B6872462393D50C0010455C /* 一只可愛的毛毛熊.txt in Resources */,
				4B6872442393D50C0010455C /* 可以嫁給你嗎.txt in Resources */,
				4B2FC98523770AE60012EBDB /* main-bg.gif in Resources */,
				4B6872472393D50C0010455C /* 愛是不保留.txt in Resources */,
				4B68724A2393D50C0010455C /* 開不了口的感情.txt in Resources */,
				4B68724B2393D50C0010455C /* 可不可以愛我一分鐘就好.txt in Resources */,
				4B68724D2393D50C0010455C /* 我的前女友居然和一個男生來到遊樂場.txt in Resources */,
				4B6872482393D50C0010455C /* 遲來的愛.txt in Resources */,
				4B2FC960237449600012EBDB /* Assets.xcassets in Resources */,
				4B6872492393D50C0010455C /* 男孩的偉大.txt in Resources */,
				4B68724C2393D50C0010455C /* 如果有人這樣愛我.txt in Resources */,
				4B6872392393C7930010455C /* 1000顆星的約定.txt in Resources */,
				4B2FC95B2374495F0012EBDB /* Main.storyboard in Resources */,
			);
			runOnlyForDeploymentPostprocessing = 0;
		};
/* End PBXResourcesBuildPhase section */

/* Begin PBXSourcesBuildPhase section */
		4B2FC94C2374495F0012EBDB /* Sources */ = {
			isa = PBXSourcesBuildPhase;
			buildActionMask = 2147483647;
			files = (
				4B2FC96D23744A850012EBDB /* HomePageTableViewCell.swift in Sources */,
				4B2FC96B237449FB0012EBDB /* LoveStoryHomePageTableViewController.swift in Sources */,
				4B2FC95E2374495F0012EBDB /* LoveStory.xcdatamodeld in Sources */,
				4B2FC9542374495F0012EBDB /* AppDelegate.swift in Sources */,
				4B68723323893E480010455C /* MenuViewController.swift in Sources */,
				4B2FC973237461710012EBDB /* StoryViewController.swift in Sources */,
				4B2FC9712374584E0012EBDB /* StoryData.swift in Sources */,
				4B2FC9562374495F0012EBDB /* SceneDelegate.swift in Sources */,
				4B68724F2393D8920010455C /* AboutViewController.swift in Sources */,
				4B2FC96F237451B60012EBDB /* Story.swift in Sources */,
			);
			runOnlyForDeploymentPostprocessing = 0;
		};
/* End PBXSourcesBuildPhase section */

/* Begin PBXVariantGroup section */
		4B2FC9592374495F0012EBDB /* Main.storyboard */ = {
			isa = PBXVariantGroup;
			children = (
				4B2FC95A2374495F0012EBDB /* Base */,
			);
			name = Main.storyboard;
			sourceTree = "<group>";
		};
		4B2FC961237449600012EBDB /* LaunchScreen.storyboard */ = {
			isa = PBXVariantGroup;
			children = (
				4B2FC962237449600012EBDB /* Base */,
			);
			name = LaunchScreen.storyboard;
			sourceTree = "<group>";
		};
/* End PBXVariantGroup section */

/* Begin XCBuildConfiguration section */
		4B2FC965237449600012EBDB /* Debug */ = {
			isa = XCBuildConfiguration;
			buildSettings = {
				ALWAYS_SEARCH_USER_PATHS = NO;
				CLANG_ANALYZER_NONNULL = YES;
				CLANG_ANALYZER_NUMBER_OBJECT_CONVERSION = YES_AGGRESSIVE;
				CLANG_CXX_LANGUAGE_STANDARD = "gnu++14";
				CLANG_CXX_LIBRARY = "libc++";
				CLANG_ENABLE_MODULES = YES;
				CLANG_ENABLE_OBJC_ARC = YES;
				CLANG_ENABLE_OBJC_WEAK = YES;
				CLANG_WARN_BLOCK_CAPTURE_AUTORELEASING = YES;
				CLANG_WARN_BOOL_CONVERSION = YES;
				CLANG_WARN_COMMA = YES;
				CLANG_WARN_CONSTANT_CONVERSION = YES;
				CLANG_WARN_DEPRECATED_OBJC_IMPLEMENTATIONS = YES;
				CLANG_WARN_DIRECT_OBJC_ISA_USAGE = YES_ERROR;
				CLANG_WARN_DOCUMENTATION_COMMENTS = YES;
				CLANG_WARN_EMPTY_BODY = YES;
				CLANG_WARN_ENUM_CONVERSION = YES;
				CLANG_WARN_INFINITE_RECURSION = YES;
				CLANG_WARN_INT_CONVERSION = YES;
				CLANG_WARN_NON_LITERAL_NULL_CONVERSION = YES;
				CLANG_WARN_OBJC_IMPLICIT_RETAIN_SELF = YES;
				CLANG_WARN_OBJC_LITERAL_CONVERSION = YES;
				CLANG_WARN_OBJC_ROOT_CLASS = YES_ERROR;
				CLANG_WARN_RANGE_LOOP_ANALYSIS = YES;
				CLANG_WARN_STRICT_PROTOTYPES = YES;
				CLANG_WARN_SUSPICIOUS_MOVE = YES;
				CLANG_WARN_UNGUARDED_AVAILABILITY = YES_AGGRESSIVE;
				CLANG_WARN_UNREACHABLE_CODE = YES;
				CLANG_WARN__DUPLICATE_METHOD_MATCH = YES;
				COPY_PHASE_STRIP = NO;
				DEBUG_INFORMATION_FORMAT = dwarf;
				ENABLE_STRICT_OBJC_MSGSEND = YES;
				ENABLE_TESTABILITY = YES;
				GCC_C_LANGUAGE_STANDARD = gnu11;
				GCC_DYNAMIC_NO_PIC = NO;
				GCC_NO_COMMON_BLOCKS = YES;
				GCC_OPTIMIZATION_LEVEL = 0;
				GCC_PREPROCESSOR_DEFINITIONS = (
					"DEBUG=1",
					"$(inherited)",
				);
				GCC_WARN_64_TO_32_BIT_CONVERSION = YES;
				GCC_WARN_ABOUT_RETURN_TYPE = YES_ERROR;
				GCC_WARN_UNDECLARED_SELECTOR = YES;
				GCC_WARN_UNINITIALIZED_AUTOS = YES_AGGRESSIVE;
				GCC_WARN_UNUSED_FUNCTION = YES;
				GCC_WARN_UNUSED_VARIABLE = YES;
				IPHONEOS_DEPLOYMENT_TARGET = 13.1;
				MTL_ENABLE_DEBUG_INFO = INCLUDE_SOURCE;
				MTL_FAST_MATH = YES;
				ONLY_ACTIVE_ARCH = YES;
				SDKROOT = iphoneos;
				SWIFT_ACTIVE_COMPILATION_CONDITIONS = DEBUG;
				SWIFT_OPTIMIZATION_LEVEL = "-Onone";
			};
			name = Debug;
		};
		4B2FC966237449600012EBDB /* Release */ = {
			isa = XCBuildConfiguration;
			buildSettings = {
				ALWAYS_SEARCH_USER_PATHS = NO;
				CLANG_ANALYZER_NONNULL = YES;
				CLANG_ANALYZER_NUMBER_OBJECT_CONVERSION = YES_AGGRESSIVE;
				CLANG_CXX_LANGUAGE_STANDARD = "gnu++14";
				CLANG_CXX_LIBRARY = "libc++";
				CLANG_ENABLE_MODULES = YES;
				CLANG_ENABLE_OBJC_ARC = YES;
				CLANG_ENABLE_OBJC_WEAK = YES;
				CLANG_WARN_BLOCK_CAPTURE_AUTORELEASING = YES;
				CLANG_WARN_BOOL_CONVERSION = YES;
				CLANG_WARN_COMMA = YES;
				CLANG_WARN_CONSTANT_CONVERSION = YES;
				CLANG_WARN_DEPRECATED_OBJC_IMPLEMENTATIONS = YES;
				CLANG_WARN_DIRECT_OBJC_ISA_USAGE = YES_ERROR;
				CLANG_WARN_DOCUMENTATION_COMMENTS = YES;
				CLANG_WARN_EMPTY_BODY = YES;
				CLANG_WARN_ENUM_CONVERSION = YES;
				CLANG_WARN_INFINITE_RECURSION = YES;
				CLANG_WARN_INT_CONVERSION = YES;
				CLANG_WARN_NON_LITERAL_NULL_CONVERSION = YES;
				CLANG_WARN_OBJC_IMPLICIT_RETAIN_SELF = YES;
				CLANG_WARN_OBJC_LITERAL_CONVERSION = YES;
				CLANG_WARN_OBJC_ROOT_CLASS = YES_ERROR;
				CLANG_WARN_RANGE_LOOP_ANALYSIS = YES;
				CLANG_WARN_STRICT_PROTOTYPES = YES;
				CLANG_WARN_SUSPICIOUS_MOVE = YES;
				CLANG_WARN_UNGUARDED_AVAILABILITY = YES_AGGRESSIVE;
				CLANG_WARN_UNREACHABLE_CODE = YES;
				CLANG_WARN__DUPLICATE_METHOD_MATCH = YES;
				COPY_PHASE_STRIP = NO;
				DEBUG_INFORMATION_FORMAT = "dwarf-with-dsym";
				ENABLE_NS_ASSERTIONS = NO;
				ENABLE_STRICT_OBJC_MSGSEND = YES;
				GCC_C_LANGUAGE_STANDARD = gnu11;
				GCC_NO_COMMON_BLOCKS = YES;
				GCC_WARN_64_TO_32_BIT_CONVERSION = YES;
				GCC_WARN_ABOUT_RETURN_TYPE = YES_ERROR;
				GCC_WARN_UNDECLARED_SELECTOR = YES;
				GCC_WARN_UNINITIALIZED_AUTOS = YES_AGGRESSIVE;
				GCC_WARN_UNUSED_FUNCTION = YES;
				GCC_WARN_UNUSED_VARIABLE = YES;
				IPHONEOS_DEPLOYMENT_TARGET = 13.1;
				MTL_ENABLE_DEBUG_INFO = NO;
				MTL_FAST_MATH = YES;
				SDKROOT = iphoneos;
				SWIFT_COMPILATION_MODE = wholemodule;
				SWIFT_OPTIMIZATION_LEVEL = "-O";
				VALIDATE_PRODUCT = YES;
			};
			name = Release;
		};
		4B2FC968237449600012EBDB /* Debug */ = {
			isa = XCBuildConfiguration;
			buildSettings = {
				ASSETCATALOG_COMPILER_APPICON_NAME = AppIcon;
				CODE_SIGN_STYLE = Automatic;
				DEVELOPMENT_TEAM = VUUP9P6824;
				INFOPLIST_FILE = LoveStory/Info.plist;
				LD_RUNPATH_SEARCH_PATHS = (
					"$(inherited)",
					"@executable_path/Frameworks",
				);
				PRODUCT_BUNDLE_IDENTIFIER = com.kanixlau.LoveStory;
				PRODUCT_NAME = "$(TARGET_NAME)";
				SWIFT_VERSION = 5.0;
				TARGETED_DEVICE_FAMILY = "1,2";
			};
			name = Debug;
		};
		4B2FC969237449600012EBDB /* Release */ = {
			isa = XCBuildConfiguration;
			buildSettings = {
				ASSETCATALOG_COMPILER_APPICON_NAME = AppIcon;
				CODE_SIGN_STYLE = Automatic;
				DEVELOPMENT_TEAM = VUUP9P6824;
				INFOPLIST_FILE = LoveStory/Info.plist;
				LD_RUNPATH_SEARCH_PATHS = (
					"$(inherited)",
					"@executable_path/Frameworks",
				);
				PRODUCT_BUNDLE_IDENTIFIER = com.kanixlau.LoveStory;
				PRODUCT_NAME = "$(TARGET_NAME)";
				SWIFT_VERSION = 5.0;
				TARGETED_DEVICE_FAMILY = "1,2";
			};
			name = Release;
		};
/* End XCBuildConfiguration section */

/* Begin XCConfigurationList section */
		4B2FC94B2374495F0012EBDB /* Build configuration list for PBXProject "LoveStory" */ = {
			isa = XCConfigurationList;
			buildConfigurations = (
				4B2FC965237449600012EBDB /* Debug */,
				4B2FC966237449600012EBDB /* Release */,
			);
			defaultConfigurationIsVisible = 0;
			defaultConfigurationName = Release;
		};
		4B2FC967237449600012EBDB /* Build configuration list for PBXNativeTarget "LoveStory" */ = {
			isa = XCConfigurationList;
			buildConfigurations = (
				4B2FC968237449600012EBDB /* Debug */,
				4B2FC969237449600012EBDB /* Release */,
			);
			defaultConfigurationIsVisible = 0;
			defaultConfigurationName = Release;
		};
/* End XCConfigurationList section */

/* Begin XCVersionGroup section */
		4B2FC95C2374495F0012EBDB /* LoveStory.xcdatamodeld */ = {
			isa = XCVersionGroup;
			children = (
				4B2FC95D2374495F0012EBDB /* LoveStory.xcdatamodel */,
			);
			currentVersion = 4B2FC95D2374495F0012EBDB /* LoveStory.xcdatamodel */;
			path = LoveStory.xcdatamodeld;
			sourceTree = "<group>";
			versionGroupType = wrapper.xcdatamodel;
		};
/* End XCVersionGroup section */
	};
	rootObject = 4B2FC9482374495F0012EBDB /* Project object */;
}
